{
    "_meta": {
        "hash": {
            "sha256": "6700bce6ed08db166eff9d3105158923ffd2ffbf35c814a4d0133552bda03b5a"
        },
        "pipfile-spec": 6,
        "requires": {},
        "sources": [
            {
                "name": "pypi",
                "url": "https://pypi.org/simple",
                "verify_ssl": true
            }
        ]
    },
    "default": {
        "certifi": {
            "hashes": [
                "sha256:017c25db2a153ce562900032d5bc68e9f191e44e9a0f762f373977de9df1fbb3",
                "sha256:25b64c7da4cd7479594d035c08c2d809eb4aab3a26e5a990ea98cc450c320f1f"
            ],
            "version": "==2019.11.28"
        },
        "chardet": {
            "hashes": [
                "sha256:84ab92ed1c4d4f16916e05906b6b75a6c0fb5db821cc65e70cbd64a3e2a5eaae",
                "sha256:fc323ffcaeaed0e0a02bf4d117757b98aed530d9ed4531e3e15460124c106691"
            ],
            "version": "==3.0.4"
        },
        "idna": {
            "hashes": [
                "sha256:7588d1c14ae4c77d74036e8c22ff447b26d0fde8f007354fd48a7814db15b7cb",
                "sha256:a068a21ceac8a4d63dbfd964670474107f541babbd2250d61922f029858365fa"
            ],
            "version": "==2.9"
        },
        "numpy": {
            "hashes": [
                "sha256:1786a08236f2c92ae0e70423c45e1e62788ed33028f94ca99c4df03f5be6b3c6",
                "sha256:17aa7a81fe7599a10f2b7d95856dc5cf84a4eefa45bc96123cbbc3ebc568994e",
                "sha256:20b26aaa5b3da029942cdcce719b363dbe58696ad182aff0e5dcb1687ec946dc",
                "sha256:2d75908ab3ced4223ccba595b48e538afa5ecc37405923d1fea6906d7c3a50bc",
                "sha256:39d2c685af15d3ce682c99ce5925cc66efc824652e10990d2462dfe9b8918c6a",
                "sha256:56bc8ded6fcd9adea90f65377438f9fea8c05fcf7c5ba766bef258d0da1554aa",
                "sha256:590355aeade1a2eaba17617c19edccb7db8d78760175256e3cf94590a1a964f3",
                "sha256:70a840a26f4e61defa7bdf811d7498a284ced303dfbc35acb7be12a39b2aa121",
                "sha256:77c3bfe65d8560487052ad55c6998a04b654c2fbc36d546aef2b2e511e760971",
                "sha256:9537eecf179f566fd1c160a2e912ca0b8e02d773af0a7a1120ad4f7507cd0d26",
                "sha256:9acdf933c1fd263c513a2df3dceecea6f3ff4419d80bf238510976bf9bcb26cd",
                "sha256:ae0975f42ab1f28364dcda3dde3cf6c1ddab3e1d4b2909da0cb0191fa9ca0480",
                "sha256:b3af02ecc999c8003e538e60c89a2b37646b39b688d4e44d7373e11c2debabec",
                "sha256:b6ff59cee96b454516e47e7721098e6ceebef435e3e21ac2d6c3b8b02628eb77",
                "sha256:b765ed3930b92812aa698a455847141869ef755a87e099fddd4ccf9d81fffb57",
                "sha256:c98c5ffd7d41611407a1103ae11c8b634ad6a43606eca3e2a5a269e5d6e8eb07",
                "sha256:cf7eb6b1025d3e169989416b1adcd676624c2dbed9e3bcb7137f51bfc8cc2572",
                "sha256:d92350c22b150c1cae7ebb0ee8b5670cc84848f6359cf6b5d8f86617098a9b73",
                "sha256:e422c3152921cece8b6a2fb6b0b4d73b6579bd20ae075e7d15143e711f3ca2ca",
                "sha256:e840f552a509e3380b0f0ec977e8124d0dc34dc0e68289ca28f4d7c1d0d79474",
                "sha256:f3d0a94ad151870978fb93538e95411c83899c9dc63e6fb65542f769568ecfa5"
            ],
            "index": "pypi",
            "version": "==1.18.1"
        },
        "opencv-python": {
            "hashes": [
                "sha256:0f2e739c582e8c5e432130648bc6d66a56bc65f4cd9ff0bc7033033d2130c7a3",
                "sha256:0f3d159ad6cb9cbd188c726f87485f0799a067a0a15f34c25d7b5c8db3cb2e50",
                "sha256:167a6aff9bd124a3a67e0ec25d0da5ecdc8d96a56405e3e5e7d586c4105eb1bb",
                "sha256:1b90d50bc7a31e9573a8da1b80fcd1e4d9c86c0e5f76387858e1b87eb8b0332b",
                "sha256:2baf1213ae2fd678991f905d7b2b94eddfdfb5f75757db0f0b31eebd48ca200d",
                "sha256:312dda54c7e809c20d7409418060ae0e9cdbe82975e7ced429eb3c234ffc0d4a",
                "sha256:32384e675f7cefe707cac40a95eeb142d6869065e39c5500374116297cd8ca6d",
                "sha256:5c50634dd8f2f866fd99fd939292ce10e52bef82804ebc4e7f915221c3b7e951",
                "sha256:6841bb9cc24751dbdf94e7eefc4e6d70ec297952501954471299fd12ab67391c",
                "sha256:68c1c846dd267cd7e293d3fc0bb238db0a744aa1f2e721e327598f00cb982098",
                "sha256:703910aaa1dcd25a412f78a190fb7a352d9a64ee7d9a35566d786f3cc66ebf20",
                "sha256:8002959146ed21959e3118c60c8e94ceac02eea15b691da6c62cff4787c63f7f",
                "sha256:889eef049d38488b5b4646c48a831feed37c0fd44f3d83c05cff80f4baded145",
                "sha256:8c76983c9ec3e4cf3a4c1d172ec4285332d9fb1c7194d724aff0c518437471ee",
                "sha256:9cd9bd72f4a9743ef6f11f0f96784bd215a542e996db1717d4c2d3d03eb81a1b",
                "sha256:a1a5517301dc8d56243a14253d231ec755b94486b4fff2ae68269bc941bb1f2e",
                "sha256:a2b08aec2eacae868723136383d9eb84a33062a7a7ec5ec3bd2c423bd1355946",
                "sha256:a8529a79233f3581a66984acd16bce52ab0163f6f77568dd69e9ee4956d2e1db",
                "sha256:afbc81a3870739610a9f9a1197374d6a45892cf1933c90fc5617d39790991ed3",
                "sha256:baeb5dd8b21c718580687f5b4efd03f8139b1c56239cdf6b9805c6946e80f268",
                "sha256:db1d49b753e6e6c76585f21d09c7e9812176732baa9bddb64bc2fc6cd24d4179",
                "sha256:e242ed419aeb2488e0f9ee6410a34917f0f8d62b3ae96aa3170d83bae75004e2",
                "sha256:e36a8857be2c849e54009f1bee25e8c34fbc683fcd38c6c700af4cba5f8d57c2",
                "sha256:e699232fd033ef0053efec2cba0a7505514f374ba7b18c732a77cb5304311ef9",
                "sha256:eae3da9231d87980f8082d181c276a04f7a6fdac130cebd467390b96dd05f944",
                "sha256:ee6814c94dbf1cae569302afef9dd29efafc52373e8770ded0db549a3b6e0c00",
                "sha256:f01a87a015227d8af407161eb48222fc3c8b01661cdc841e2b86eee4f1a7a417"
            ],
            "index": "pypi",
            "version": "==4.2.0.32"
        },
        "pillow": {
            "hashes": [
                "sha256:0304004f8067386b477d20a518b50f3fa658a28d44e4116970abfcd94fac34a8",
                "sha256:0689b5a8c5288bc0504d9fcee48f61a6a586b9b98514d7d29b840143d6734f39",
                "sha256:0eae2073305f451d8ecacb5474997c08569fb4eb4ac231ffa4ad7d342fdc25ac",
                "sha256:0fb3e7fc88a14eacd303e90481ad983fd5b69c761e9e6ef94c983f91025da869",
                "sha256:11fa2e5984b949b0dd6d7a94d967743d87c577ff0b83392f17cb3990d0d2fd6e",
                "sha256:127cee571038f252a552760076407f9cff79761c3d436a12af6000cd182a9d04",
                "sha256:154e939c5f0053a383de4fd3d3da48d9427a7e985f58af8e94d0b3c9fcfcf4f9",
                "sha256:15587643b9e5eb26c48e49a7b33659790d28f190fc514a322d55da2fb5c2950e",
                "sha256:170aeb00224ab3dc54230c797f8404507240dd868cf52066f66a41b33169bdbe",
                "sha256:1b5e1b74d1bd1b78bc3477528919414874748dd363e6272efd5abf7654e68bef",
                "sha256:1da3b2703afd040cf65ec97efea81cfba59cdbed9c11d8efc5ab09df9509fc56",
                "sha256:1e23412b5c41e58cec602f1135c57dfcf15482013ce6e5f093a86db69646a5aa",
                "sha256:2247178effb34a77c11c0e8ac355c7a741ceca0a732b27bf11e747bbc950722f",
                "sha256:257d8788df5ca62c980314053197f4d46eefedf4e6175bc9412f14412ec4ea2f",
                "sha256:3031709084b6e7852d00479fd1d310b07d0ba82765f973b543c8af5061cf990e",
                "sha256:322209c642aabdd6207517e9739c704dc9f9db943015535783239022002f054a",
                "sha256:322bdf3c9b556e9ffb18f93462e5f749d3444ce081290352c6070d014c93feb2",
                "sha256:33870dc4653c5017bf4c8873e5488d8f8d5f8935e2f1fb9a2208c47cdd66efd2",
                "sha256:35bb52c37f256f662abdfa49d2dfa6ce5d93281d323a9af377a120e89a9eafb5",
                "sha256:3c31822339516fb3c82d03f30e22b1d038da87ef27b6a78c9549888f8ceda39a",
                "sha256:3eedd52442c0a5ff4f887fab0c1c0bb164d8635b32c894bc1faf4c618dd89df2",
                "sha256:3ff074fc97dd4e80543a3e91f69d58889baf2002b6be64347ea8cf5533188213",
                "sha256:47c0995fc4e7f79b5cfcab1fc437ff2890b770440f7696a3ba065ee0fd496563",
                "sha256:49d9ba1ed0ef3e061088cd1e7538a0759aab559e2e0a80a36f9fd9d8c0c21591",
                "sha256:51f1a1bffc50e2e9492e87d8e09a17c5eea8409cda8d3f277eb6edc82813c17c",
                "sha256:52a50aa3fb3acb9cf7213573ef55d31d6eca37f5709c69e6858fe3bc04a5c2a2",
                "sha256:54f1852cd531aa981bc0965b7d609f5f6cc8ce8c41b1139f6ed6b3c54ab82bfb",
                "sha256:609448742444d9290fd687940ac0b57fb35e6fd92bdb65386e08e99af60bf757",
                "sha256:69ffdd6120a4737710a9eee73e1d2e37db89b620f702754b8f6e62594471dee0",
                "sha256:6fad5ff2f13d69b7e74ce5b4ecd12cc0ec530fcee76356cac6742785ff71c452",
                "sha256:7049e301399273a0136ff39b84c3678e314f2158f50f517bc50285fb5ec847ad",
                "sha256:70c61d4c475835a19b3a5aa42492409878bbca7438554a1f89d20d58a7c75c01",
                "sha256:716d30ed977be8b37d3ef185fecb9e5a1d62d110dfbdcd1e2a122ab46fddb03f",
                "sha256:753cd8f2086b2b80180d9b3010dd4ed147efc167c90d3bf593fe2af21265e5a5",
                "sha256:773efe0603db30c281521a7c0214cad7836c03b8ccff897beae9b47c0b657d61",
                "sha256:7823bdd049099efa16e4246bdf15e5a13dbb18a51b68fa06d6c1d4d8b99a796e",
                "sha256:7c8f97e8e7a9009bcacbe3766a36175056c12f9a44e6e6f2d5caad06dcfbf03b",
                "sha256:823ef7a27cf86df6597fa0671066c1b596f69eba53efa3d1e1cb8b30f3533068",
                "sha256:8373c6c251f7ef8bda6675dd6d2b3a0fcc31edf1201266b5cf608b62a37407f9",
                "sha256:83b2021f2ade7d1ed556bc50a399127d7fb245e725aa0113ebd05cfe88aaf588",
                "sha256:870ea1ada0899fd0b79643990809323b389d4d1d46c192f97342eeb6ee0b8483",
                "sha256:8d12251f02d69d8310b046e82572ed486685c38f02176bd08baf216746eb947f",
                "sha256:9c23f307202661071d94b5e384e1e1dc7dfb972a28a2310e4ee16103e66ddb67",
                "sha256:9d189550615b4948f45252d7f005e53c2040cea1af5b60d6f79491a6e147eef7",
                "sha256:a086c2af425c5f62a65e12fbf385f7c9fcb8f107d0849dba5839461a129cf311",
                "sha256:a2b56ba36e05f973d450582fb015594aaa78834fefe8dfb8fcd79b93e64ba4c6",
                "sha256:aebb6044806f2e16ecc07b2a2637ee1ef67a11840a66752751714a0d924adf72",
                "sha256:b1b3020d90c2d8e1dae29cf3ce54f8094f7938460fb5ce8bc5c01450b01fbaf6",
                "sha256:b4b6b1e20608493548b1f32bce8cca185bf0480983890403d3b8753e44077129",
                "sha256:b6f491cdf80ae540738859d9766783e3b3c8e5bd37f5dfa0b76abdecc5081f13",
                "sha256:b792a349405fbc0163190fde0dc7b3fef3c9268292586cf5645598b48e63dc67",
                "sha256:b7c2286c23cd350b80d2fc9d424fc797575fb16f854b831d16fd47ceec078f2c",
                "sha256:babf5acfede515f176833ed6028754cbcd0d206f7f614ea3447d67c33be12516",
                "sha256:c365fd1703040de1ec284b176d6af5abe21b427cb3a5ff68e0759e1e313a5e7e",
                "sha256:c4225f5220f46b2fde568c74fca27ae9771536c2e29d7c04f4fb62c83275ac4e",
                "sha256:c570f24be1e468e3f0ce7ef56a89a60f0e05b30a3669a459e419c6eac2c35364",
                "sha256:c6dafac9e0f2b3c78df97e79af707cdc5ef8e88208d686a4847bab8266870023",
                "sha256:c8de2789052ed501dd829e9cae8d3dcce7acb4777ea4a479c14521c942d395b1",
                "sha256:cb28c753fd5eb3dd859b4ee95de66cc62af91bcff5db5f2571d32a520baf1f04",
                "sha256:cb4c38abeef13c61d6916f264d4845fab99d7b711be96c326b84df9e3e0ff62d",
                "sha256:d1b35bcd6c5543b9cb547dee3150c93008f8dd0f1fef78fc0cd2b141c5baf58a",
                "sha256:d8e6aeb9201e655354b3ad049cb77d19813ad4ece0df1249d3c793de3774f8c7",
                "sha256:d8ecd059fdaf60c1963c58ceb8997b32e9dc1b911f5da5307aab614f1ce5c2fb",
                "sha256:da2b52b37dad6d9ec64e653637a096905b258d2fc2b984c41ae7d08b938a67e4",
                "sha256:e87f0b2c78157e12d7686b27d63c070fd65d994e8ddae6f328e0dcf4a0cd007e",
                "sha256:edca80cbfb2b68d7b56930b84a0e45ae1694aeba0541f798e908a49d66b837f1",
                "sha256:f379abd2f1e3dddb2b61bc67977a6b5a0a3f7485538bcc6f39ec76163891ee48",
                "sha256:fe4c15f6c9285dc54ce6553a3ce908ed37c8f3825b5a51a15c91442bb955b868"
            ],
            "index": "pypi",
            "markers": "python_version >= '3.8'",
            "version": "==10.2.0"
        },
        "pysocks": {
            "hashes": [
                "sha256:08e69f092cc6dbe92a0fdd16eeb9b9ffbc13cadfe5ca4c7bd92ffb078b293299",
                "sha256:2725bd0a9925919b9b51739eea5f9e2bae91e83288108a9ad338b2e3a4435ee5",
                "sha256:3f8804571ebe159c380ac6de37643bb4685970655d3bba243530d6558b799aa0"
            ],
            "index": "pypi",
            "version": "==1.7.1"
        },
        "pyyaml": {
            "hashes": [
                "sha256:059b2ee3194d718896c0ad077dd8c043e5e909d9180f387ce42012662a4946d6",
                "sha256:1cf708e2ac57f3aabc87405f04b86354f66799c8e62c28c5fc5f88b5521b2dbf",
                "sha256:24521fa2890642614558b492b473bee0ac1f8057a7263156b02e8b14c88ce6f5",
                "sha256:4fee71aa5bc6ed9d5f116327c04273e25ae31a3020386916905767ec4fc5317e",
                "sha256:70024e02197337533eef7b85b068212420f950319cc8c580261963aefc75f811",
                "sha256:74782fbd4d4f87ff04159e986886931456a1894c61229be9eaf4de6f6e44b99e",
                "sha256:940532b111b1952befd7db542c370887a8611660d2b9becff75d39355303d82d",
                "sha256:cb1f2f5e426dc9f07a7681419fe39cee823bb74f723f36f70399123f439e9b20",
                "sha256:dbbb2379c19ed6042e8f11f2a2c66d39cceb8aeace421bfc29d085d93eda3689",
                "sha256:e3a057b7a64f1222b56e47bcff5e4b94c4f61faac04c7c4ecb1985e18caa3994",
                "sha256:e9f45bd5b92c7974e59bcd2dcc8631a6b6cc380a904725fce7bc08872e691615"
            ],
            "index": "pypi",
            "version": "==5.3"
        },
        "requests": {
            "hashes": [
                "sha256:43999036bfa82904b6af1d99e4882b560e5e2c68e5c4b0aa03b655f3d7d73fee",
                "sha256:b3f43d496c6daba4493e7c431722aeb7dbc6288f52a6e04e7b6023b0247817e6"
            ],
            "index": "pypi",
            "version": "==2.23.0"
        },
        "urllib3": {
            "hashes": [
                "sha256:2f3db8b19923a873b3e5256dc9c2dedfa883e33d87c690d9c7913e1f40673cdc",
                "sha256:87716c2d2a7121198ebcb7ce7cccf6ce5e9ba539041cfbaeecfb641dc0bf6acc"
            ],
            "version": "==1.25.8"
        }
    },
    "develop": {}
}
